
Microsoft Visual Studio Solution File, Format Version 12.00
# Visual Studio Version 17
VisualStudioVersion = 17.2.32526.322
MinimumVisualStudioVersion = 10.0.40219.1
Project("{FAE04EC0-301F-11D3-BF4B-00C04F79EFBC}") = "ConsoleApp1", "ConsoleApp1\ConsoleApp1.csproj", "{63D8E6BA-DE08-4DED-BD46-D62DB4BE047B}"
EndProject
Global
	GlobalSection(SolutionConfigurationPlatforms) = preSolution
		Debug|Any CPU = Debug|Any CPU
		Release|Any CPU = Release|Any CPU
	EndGlobalSection
	GlobalSection(ProjectConfigurationPlatforms) = postSolution
		{63D8E6BA-DE08-4DED-BD46-D62DB4BE047B}.Debug|Any CPU.ActiveCfg = Debug|Any CPU
		{63D8E6BA-DE08-4DED-BD46-D62DB4BE047B}.Debug|Any CPU.Build.0 = Debug|Any CPU
		{63D8E6BA-DE08-4DED-BD46-D62DB4BE047B}.Release|Any CPU.ActiveCfg = Release|Any CPU
		{63D8E6BA-DE08-4DED-BD46-D62DB4BE047B}.Release|Any CPU.Build.0 = Release|Any CPU
	EndGlobalSection
	GlobalSection(SolutionProperties) = preSolution
		HideSolutionNode = FALSE
	EndGlobalSection
	GlobalSection(ExtensibilityGlobals) = postSolution
		SolutionGuid = {3B957A9B-960D-45BC-A462-7DFA403D4550}
	EndGlobalSection
EndGlobal
