
Microsoft Visual Studio Solution File, Format Version 12.00
# Visual Studio Version 17
VisualStudioVersion = 17.2.32526.322
MinimumVisualStudioVersion = 10.0.40219.1
Project("{FAE04EC0-301F-11D3-BF4B-00C04F79EFBC}") = "8.7", "8.7\8.7.csproj", "{C821CDE7-FC8C-4BD6-B376-5A0D9CC78408}"
EndProject
Global
	GlobalSection(SolutionConfigurationPlatforms) = preSolution
		Debug|Any CPU = Debug|Any CPU
		Release|Any CPU = Release|Any CPU
	EndGlobalSection
	GlobalSection(ProjectConfigurationPlatforms) = postSolution
		{C821CDE7-FC8C-4BD6-B376-5A0D9CC78408}.Debug|Any CPU.ActiveCfg = Debug|Any CPU
		{C821CDE7-FC8C-4BD6-B376-5A0D9CC78408}.Debug|Any CPU.Build.0 = Debug|Any CPU
		{C821CDE7-FC8C-4BD6-B376-5A0D9CC78408}.Release|Any CPU.ActiveCfg = Release|Any CPU
		{C821CDE7-FC8C-4BD6-B376-5A0D9CC78408}.Release|Any CPU.Build.0 = Release|Any CPU
	EndGlobalSection
	GlobalSection(SolutionProperties) = preSolution
		HideSolutionNode = FALSE
	EndGlobalSection
	GlobalSection(ExtensibilityGlobals) = postSolution
		SolutionGuid = {4F9A17AC-D859-47DB-860C-F654748F0EB0}
	EndGlobalSection
EndGlobal
