
Microsoft Visual Studio Solution File, Format Version 12.00
# Visual Studio Version 17
VisualStudioVersion = 17.2.32526.322
MinimumVisualStudioVersion = 10.0.40219.1
Project("{FAE04EC0-301F-11D3-BF4B-00C04F79EFBC}") = "8.4", "8.4\8.4.csproj", "{8B15D5B8-4302-43A7-9E9C-C98047CA7672}"
EndProject
Global
	GlobalSection(SolutionConfigurationPlatforms) = preSolution
		Debug|Any CPU = Debug|Any CPU
		Release|Any CPU = Release|Any CPU
	EndGlobalSection
	GlobalSection(ProjectConfigurationPlatforms) = postSolution
		{8B15D5B8-4302-43A7-9E9C-C98047CA7672}.Debug|Any CPU.ActiveCfg = Debug|Any CPU
		{8B15D5B8-4302-43A7-9E9C-C98047CA7672}.Debug|Any CPU.Build.0 = Debug|Any CPU
		{8B15D5B8-4302-43A7-9E9C-C98047CA7672}.Release|Any CPU.ActiveCfg = Release|Any CPU
		{8B15D5B8-4302-43A7-9E9C-C98047CA7672}.Release|Any CPU.Build.0 = Release|Any CPU
	EndGlobalSection
	GlobalSection(SolutionProperties) = preSolution
		HideSolutionNode = FALSE
	EndGlobalSection
	GlobalSection(ExtensibilityGlobals) = postSolution
		SolutionGuid = {ECE9A2B2-0FA7-45A4-B4AB-A6A1C40C5D95}
	EndGlobalSection
EndGlobal
