
Microsoft Visual Studio Solution File, Format Version 12.00
# Visual Studio Version 17
VisualStudioVersion = 17.2.32519.379
MinimumVisualStudioVersion = 10.0.40219.1
Project("{FAE04EC0-301F-11D3-BF4B-00C04F79EFBC}") = "12.2", "12.2\12.2.csproj", "{60312D31-163E-49AD-AE65-AAF5F324A9C7}"
EndProject
Global
	GlobalSection(SolutionConfigurationPlatforms) = preSolution
		Debug|Any CPU = Debug|Any CPU
		Release|Any CPU = Release|Any CPU
	EndGlobalSection
	GlobalSection(ProjectConfigurationPlatforms) = postSolution
		{60312D31-163E-49AD-AE65-AAF5F324A9C7}.Debug|Any CPU.ActiveCfg = Debug|Any CPU
		{60312D31-163E-49AD-AE65-AAF5F324A9C7}.Debug|Any CPU.Build.0 = Debug|Any CPU
		{60312D31-163E-49AD-AE65-AAF5F324A9C7}.Release|Any CPU.ActiveCfg = Release|Any CPU
		{60312D31-163E-49AD-AE65-AAF5F324A9C7}.Release|Any CPU.Build.0 = Release|Any CPU
	EndGlobalSection
	GlobalSection(SolutionProperties) = preSolution
		HideSolutionNode = FALSE
	EndGlobalSection
	GlobalSection(ExtensibilityGlobals) = postSolution
		SolutionGuid = {DD677D39-FC6B-4C3D-823D-0223C3C0F64F}
	EndGlobalSection
EndGlobal
