
Microsoft Visual Studio Solution File, Format Version 12.00
# Visual Studio Version 17
VisualStudioVersion = 17.2.32519.379
MinimumVisualStudioVersion = 10.0.40219.1
Project("{FAE04EC0-301F-11D3-BF4B-00C04F79EFBC}") = "12.1", "12.1\12.1.csproj", "{BBE8B40A-15F7-4EED-84D3-3765BB9E3220}"
EndProject
Global
	GlobalSection(SolutionConfigurationPlatforms) = preSolution
		Debug|Any CPU = Debug|Any CPU
		Release|Any CPU = Release|Any CPU
	EndGlobalSection
	GlobalSection(ProjectConfigurationPlatforms) = postSolution
		{BBE8B40A-15F7-4EED-84D3-3765BB9E3220}.Debug|Any CPU.ActiveCfg = Debug|Any CPU
		{BBE8B40A-15F7-4EED-84D3-3765BB9E3220}.Debug|Any CPU.Build.0 = Debug|Any CPU
		{BBE8B40A-15F7-4EED-84D3-3765BB9E3220}.Release|Any CPU.ActiveCfg = Release|Any CPU
		{BBE8B40A-15F7-4EED-84D3-3765BB9E3220}.Release|Any CPU.Build.0 = Release|Any CPU
	EndGlobalSection
	GlobalSection(SolutionProperties) = preSolution
		HideSolutionNode = FALSE
	EndGlobalSection
	GlobalSection(ExtensibilityGlobals) = postSolution
		SolutionGuid = {852918CC-580F-46C9-872E-6DB56C823654}
	EndGlobalSection
EndGlobal
