
Microsoft Visual Studio Solution File, Format Version 12.00
# Visual Studio Version 17
VisualStudioVersion = 17.2.32526.322
MinimumVisualStudioVersion = 10.0.40219.1
Project("{FAE04EC0-301F-11D3-BF4B-00C04F79EFBC}") = "7.2", "7.2\7.2.csproj", "{50044A56-4807-4D50-9724-C6B518383C41}"
EndProject
Global
	GlobalSection(SolutionConfigurationPlatforms) = preSolution
		Debug|Any CPU = Debug|Any CPU
		Release|Any CPU = Release|Any CPU
	EndGlobalSection
	GlobalSection(ProjectConfigurationPlatforms) = postSolution
		{50044A56-4807-4D50-9724-C6B518383C41}.Debug|Any CPU.ActiveCfg = Debug|Any CPU
		{50044A56-4807-4D50-9724-C6B518383C41}.Debug|Any CPU.Build.0 = Debug|Any CPU
		{50044A56-4807-4D50-9724-C6B518383C41}.Release|Any CPU.ActiveCfg = Release|Any CPU
		{50044A56-4807-4D50-9724-C6B518383C41}.Release|Any CPU.Build.0 = Release|Any CPU
	EndGlobalSection
	GlobalSection(SolutionProperties) = preSolution
		HideSolutionNode = FALSE
	EndGlobalSection
	GlobalSection(ExtensibilityGlobals) = postSolution
		SolutionGuid = {C55B1648-BBF7-4288-9024-3A9E02CF90C7}
	EndGlobalSection
EndGlobal
