
Microsoft Visual Studio Solution File, Format Version 12.00
# Visual Studio Version 17
VisualStudioVersion = 17.2.32526.322
MinimumVisualStudioVersion = 10.0.40219.1
Project("{FAE04EC0-301F-11D3-BF4B-00C04F79EFBC}") = "9.5", "9.5\9.5.csproj", "{B218EA2F-A2B6-44E9-900A-B8AF7CB8957B}"
EndProject
Global
	GlobalSection(SolutionConfigurationPlatforms) = preSolution
		Debug|Any CPU = Debug|Any CPU
		Release|Any CPU = Release|Any CPU
	EndGlobalSection
	GlobalSection(ProjectConfigurationPlatforms) = postSolution
		{B218EA2F-A2B6-44E9-900A-B8AF7CB8957B}.Debug|Any CPU.ActiveCfg = Debug|Any CPU
		{B218EA2F-A2B6-44E9-900A-B8AF7CB8957B}.Debug|Any CPU.Build.0 = Debug|Any CPU
		{B218EA2F-A2B6-44E9-900A-B8AF7CB8957B}.Release|Any CPU.ActiveCfg = Release|Any CPU
		{B218EA2F-A2B6-44E9-900A-B8AF7CB8957B}.Release|Any CPU.Build.0 = Release|Any CPU
	EndGlobalSection
	GlobalSection(SolutionProperties) = preSolution
		HideSolutionNode = FALSE
	EndGlobalSection
	GlobalSection(ExtensibilityGlobals) = postSolution
		SolutionGuid = {DEC65DE9-0F7B-41E4-B55F-AB065F160E98}
	EndGlobalSection
EndGlobal
