
Microsoft Visual Studio Solution File, Format Version 12.00
# Visual Studio Version 17
VisualStudioVersion = 17.2.32519.379
MinimumVisualStudioVersion = 10.0.40219.1
Project("{FAE04EC0-301F-11D3-BF4B-00C04F79EFBC}") = "12.3", "12.3\12.3.csproj", "{7CE5AE7A-D9E4-4D7F-980D-021A5FAA96F8}"
EndProject
Global
	GlobalSection(SolutionConfigurationPlatforms) = preSolution
		Debug|Any CPU = Debug|Any CPU
		Release|Any CPU = Release|Any CPU
	EndGlobalSection
	GlobalSection(ProjectConfigurationPlatforms) = postSolution
		{7CE5AE7A-D9E4-4D7F-980D-021A5FAA96F8}.Debug|Any CPU.ActiveCfg = Debug|Any CPU
		{7CE5AE7A-D9E4-4D7F-980D-021A5FAA96F8}.Debug|Any CPU.Build.0 = Debug|Any CPU
		{7CE5AE7A-D9E4-4D7F-980D-021A5FAA96F8}.Release|Any CPU.ActiveCfg = Release|Any CPU
		{7CE5AE7A-D9E4-4D7F-980D-021A5FAA96F8}.Release|Any CPU.Build.0 = Release|Any CPU
	EndGlobalSection
	GlobalSection(SolutionProperties) = preSolution
		HideSolutionNode = FALSE
	EndGlobalSection
	GlobalSection(ExtensibilityGlobals) = postSolution
		SolutionGuid = {DED56A9A-3C94-458B-BE5B-10F030D1DCE1}
	EndGlobalSection
EndGlobal
