
Microsoft Visual Studio Solution File, Format Version 12.00
# Visual Studio Version 17
VisualStudioVersion = 17.2.32519.379
MinimumVisualStudioVersion = 10.0.40219.1
Project("{FAE04EC0-301F-11D3-BF4B-00C04F79EFBC}") = "10.5", "10.5\10.5.csproj", "{99403C35-DFD2-48D8-9452-77797498A1DA}"
EndProject
Global
	GlobalSection(SolutionConfigurationPlatforms) = preSolution
		Debug|Any CPU = Debug|Any CPU
		Release|Any CPU = Release|Any CPU
	EndGlobalSection
	GlobalSection(ProjectConfigurationPlatforms) = postSolution
		{99403C35-DFD2-48D8-9452-77797498A1DA}.Debug|Any CPU.ActiveCfg = Debug|Any CPU
		{99403C35-DFD2-48D8-9452-77797498A1DA}.Debug|Any CPU.Build.0 = Debug|Any CPU
		{99403C35-DFD2-48D8-9452-77797498A1DA}.Release|Any CPU.ActiveCfg = Release|Any CPU
		{99403C35-DFD2-48D8-9452-77797498A1DA}.Release|Any CPU.Build.0 = Release|Any CPU
	EndGlobalSection
	GlobalSection(SolutionProperties) = preSolution
		HideSolutionNode = FALSE
	EndGlobalSection
	GlobalSection(ExtensibilityGlobals) = postSolution
		SolutionGuid = {EDE7E539-AA47-4BE8-88EB-C1CA4EBA1AB2}
	EndGlobalSection
EndGlobal
