
Microsoft Visual Studio Solution File, Format Version 12.00
# Visual Studio Version 17
VisualStudioVersion = 17.2.32526.322
MinimumVisualStudioVersion = 10.0.40219.1
Project("{FAE04EC0-301F-11D3-BF4B-00C04F79EFBC}") = "6.4", "6.4\6.4.csproj", "{E0E74691-1A25-47F2-83C8-2F38A52682D4}"
EndProject
Global
	GlobalSection(SolutionConfigurationPlatforms) = preSolution
		Debug|Any CPU = Debug|Any CPU
		Release|Any CPU = Release|Any CPU
	EndGlobalSection
	GlobalSection(ProjectConfigurationPlatforms) = postSolution
		{E0E74691-1A25-47F2-83C8-2F38A52682D4}.Debug|Any CPU.ActiveCfg = Debug|Any CPU
		{E0E74691-1A25-47F2-83C8-2F38A52682D4}.Debug|Any CPU.Build.0 = Debug|Any CPU
		{E0E74691-1A25-47F2-83C8-2F38A52682D4}.Release|Any CPU.ActiveCfg = Release|Any CPU
		{E0E74691-1A25-47F2-83C8-2F38A52682D4}.Release|Any CPU.Build.0 = Release|Any CPU
	EndGlobalSection
	GlobalSection(SolutionProperties) = preSolution
		HideSolutionNode = FALSE
	EndGlobalSection
	GlobalSection(ExtensibilityGlobals) = postSolution
		SolutionGuid = {3DE4DD8C-4362-471D-918D-C0E27EEB6424}
	EndGlobalSection
EndGlobal
